
Microsoft Visual Studio Solution File, Format Version 12.00
# Visual Studio 15
Project("{FAE04EC0-301F-11D3-BF4B-00C04F79EFBC}") = "UnityEngine.UI", "UnityEngine.UI.csproj", "{19B19C00-146C-5878-B73B-0797A4AAE1B0}"
EndProject
Project("{FAE04EC0-301F-11D3-BF4B-00C04F79EFBC}") = "Assembly-CSharp", "Assembly-CSharp.csproj", "{13BB1307-0DA8-322B-711A-6B2BB9DD2C21}"
EndProject
Project("{FAE04EC0-301F-11D3-BF4B-00C04F79EFBC}") = "Unity.2D.Sprite.Editor", "Unity.2D.Sprite.Editor.csproj", "{7C42BF83-181D-11F5-A613-6156725DE2CE}"
EndProject
Project("{FAE04EC0-301F-11D3-BF4B-00C04F79EFBC}") = "UnityEditor.UI", "UnityEditor.UI.csproj", "{1E994B24-95DB-E9BF-C53C-DC81B27FE4B2}"
EndProject
Project("{FAE04EC0-301F-11D3-BF4B-00C04F79EFBC}") = "Unity.2D.Tilemap.Editor", "Unity.2D.Tilemap.Editor.csproj", "{094441A7-663D-8511-418E-4B384D358B55}"
EndProject
Global
	GlobalSection(SolutionConfigurationPlatforms) = preSolution
		Debug|Any CPU = Debug|Any CPU
		Release|Any CPU = Release|Any CPU
	EndGlobalSection
	GlobalSection(ProjectConfigurationPlatforms) = postSolution
		{19B19C00-146C-5878-B73B-0797A4AAE1B0}.Debug|Any CPU.ActiveCfg = Debug|Any CPU
		{19B19C00-146C-5878-B73B-0797A4AAE1B0}.Debug|Any CPU.Build.0 = Debug|Any CPU
		{19B19C00-146C-5878-B73B-0797A4AAE1B0}.Release|Any CPU.ActiveCfg = Release|Any CPU
		{19B19C00-146C-5878-B73B-0797A4AAE1B0}.Release|Any CPU.Build.0 = Release|Any CPU
		{13BB1307-0DA8-322B-711A-6B2BB9DD2C21}.Debug|Any CPU.ActiveCfg = Debug|Any CPU
		{13BB1307-0DA8-322B-711A-6B2BB9DD2C21}.Debug|Any CPU.Build.0 = Debug|Any CPU
		{13BB1307-0DA8-322B-711A-6B2BB9DD2C21}.Release|Any CPU.ActiveCfg = Release|Any CPU
		{13BB1307-0DA8-322B-711A-6B2BB9DD2C21}.Release|Any CPU.Build.0 = Release|Any CPU
		{7C42BF83-181D-11F5-A613-6156725DE2CE}.Debug|Any CPU.ActiveCfg = Debug|Any CPU
		{7C42BF83-181D-11F5-A613-6156725DE2CE}.Debug|Any CPU.Build.0 = Debug|Any CPU
		{7C42BF83-181D-11F5-A613-6156725DE2CE}.Release|Any CPU.ActiveCfg = Release|Any CPU
		{7C42BF83-181D-11F5-A613-6156725DE2CE}.Release|Any CPU.Build.0 = Release|Any CPU
		{1E994B24-95DB-E9BF-C53C-DC81B27FE4B2}.Debug|Any CPU.ActiveCfg = Debug|Any CPU
		{1E994B24-95DB-E9BF-C53C-DC81B27FE4B2}.Debug|Any CPU.Build.0 = Debug|Any CPU
		{1E994B24-95DB-E9BF-C53C-DC81B27FE4B2}.Release|Any CPU.ActiveCfg = Release|Any CPU
		{1E994B24-95DB-E9BF-C53C-DC81B27FE4B2}.Release|Any CPU.Build.0 = Release|Any CPU
		{094441A7-663D-8511-418E-4B384D358B55}.Debug|Any CPU.ActiveCfg = Debug|Any CPU
		{094441A7-663D-8511-418E-4B384D358B55}.Debug|Any CPU.Build.0 = Debug|Any CPU
		{094441A7-663D-8511-418E-4B384D358B55}.Release|Any CPU.ActiveCfg = Release|Any CPU
		{094441A7-663D-8511-418E-4B384D358B55}.Release|Any CPU.Build.0 = Release|Any CPU
	EndGlobalSection
	GlobalSection(SolutionProperties) = preSolution
		HideSolutionNode = FALSE
	EndGlobalSection
EndGlobal
